
Microsoft Visual Studio Solution File, Format Version 12.00
# Visual Studio Version 16
VisualStudioVersion = 16.0.30413.136
MinimumVisualStudioVersion = 10.0.40219.1
Project("{FAE04EC0-301F-11D3-BF4B-00C04F79EFBC}") = "TodoApi", "TodoApi.csproj", "{CA9129CE-D230-4B4E-8DF8-E13E9AE4D11D}"
EndProject
Global
	GlobalSection(SolutionConfigurationPlatforms) = preSolution
		Debug|Any CPU = Debug|Any CPU
		Release|Any CPU = Release|Any CPU
	EndGlobalSection
	GlobalSection(ProjectConfigurationPlatforms) = postSolution
		{CA9129CE-D230-4B4E-8DF8-E13E9AE4D11D}.Debug|Any CPU.ActiveCfg = Debug|Any CPU
		{CA9129CE-D230-4B4E-8DF8-E13E9AE4D11D}.Debug|Any CPU.Build.0 = Debug|Any CPU
		{CA9129CE-D230-4B4E-8DF8-E13E9AE4D11D}.Release|Any CPU.ActiveCfg = Release|Any CPU
		{CA9129CE-D230-4B4E-8DF8-E13E9AE4D11D}.Release|Any CPU.Build.0 = Release|Any CPU
	EndGlobalSection
	GlobalSection(SolutionProperties) = preSolution
		HideSolutionNode = FALSE
	EndGlobalSection
	GlobalSection(ExtensibilityGlobals) = postSolution
		SolutionGuid = {598BAFE6-FAE8-468B-8283-05F998F010C0}
	EndGlobalSection
EndGlobal
